
Microsoft Visual Studio Solution File, Format Version 12.00
# Visual Studio Version 16
VisualStudioVersion = 16.0.31515.178
MinimumVisualStudioVersion = 10.0.40219.1
Project("{888888A0-9F3D-457C-B088-3A5042F75D52}") = "Tree Test", "Tree Test\Tree Test.pyproj", "{876498F7-2454-4ABD-B151-398C8D6F37D8}"
EndProject
Global
	GlobalSection(SolutionConfigurationPlatforms) = preSolution
		Debug|Any CPU = Debug|Any CPU
		Release|Any CPU = Release|Any CPU
	EndGlobalSection
	GlobalSection(ProjectConfigurationPlatforms) = postSolution
		{876498F7-2454-4ABD-B151-398C8D6F37D8}.Debug|Any CPU.ActiveCfg = Debug|Any CPU
		{876498F7-2454-4ABD-B151-398C8D6F37D8}.Release|Any CPU.ActiveCfg = Release|Any CPU
	EndGlobalSection
	GlobalSection(SolutionProperties) = preSolution
		HideSolutionNode = FALSE
	EndGlobalSection
	GlobalSection(ExtensibilityGlobals) = postSolution
		SolutionGuid = {5AF65CEE-2458-4F12-82CB-ED6FB1E795D9}
	EndGlobalSection
EndGlobal
